
Microsoft Visual Studio Solution File, Format Version 12.00
# Visual Studio 15
VisualStudioVersion = 15.0.26228.9
MinimumVisualStudioVersion = 10.0.40219.1
Project("{2150E333-8FDC-42A3-9474-1A3956D46DE8}") = "Solution Items", "Solution Items", "{175ADA72-4CD9-4FF8-95C7-A817AE7BF0FF}"
	ProjectSection(SolutionItems) = preProject
		..\readme.txt = ..\readme.txt
	EndProjectSection
EndProject
Project("{FAE04EC0-301F-11D3-BF4B-00C04F79EFBC}") = "MjpegProcessorTestWPF", "MjpegProcessorTestWPF\MjpegProcessorTestWPF.csproj", "{2CC41D45-062E-44EB-956C-5B7D326E1D2E}"
EndProject
Global
	GlobalSection(SolutionConfigurationPlatforms) = preSolution
		Debug|Any CPU = Debug|Any CPU
		Debug|ARM = Debug|ARM
		Debug|Mixed Platforms = Debug|Mixed Platforms
		Debug|Windows Phone = Debug|Windows Phone
		Debug|x64 = Debug|x64
		Debug|x86 = Debug|x86
		Release|Any CPU = Release|Any CPU
		Release|ARM = Release|ARM
		Release|Mixed Platforms = Release|Mixed Platforms
		Release|Windows Phone = Release|Windows Phone
		Release|x64 = Release|x64
		Release|x86 = Release|x86
	EndGlobalSection
	GlobalSection(ProjectConfigurationPlatforms) = postSolution
		{2CC41D45-062E-44EB-956C-5B7D326E1D2E}.Debug|Any CPU.ActiveCfg = Debug|x86
		{2CC41D45-062E-44EB-956C-5B7D326E1D2E}.Debug|ARM.ActiveCfg = Debug|x86
		{2CC41D45-062E-44EB-956C-5B7D326E1D2E}.Debug|Mixed Platforms.ActiveCfg = Release|x86
		{2CC41D45-062E-44EB-956C-5B7D326E1D2E}.Debug|Mixed Platforms.Build.0 = Release|x86
		{2CC41D45-062E-44EB-956C-5B7D326E1D2E}.Debug|Windows Phone.ActiveCfg = Debug|x86
		{2CC41D45-062E-44EB-956C-5B7D326E1D2E}.Debug|x64.ActiveCfg = Debug|x86
		{2CC41D45-062E-44EB-956C-5B7D326E1D2E}.Debug|x86.ActiveCfg = Debug|x86
		{2CC41D45-062E-44EB-956C-5B7D326E1D2E}.Debug|x86.Build.0 = Debug|x86
		{2CC41D45-062E-44EB-956C-5B7D326E1D2E}.Release|Any CPU.ActiveCfg = Release|x86
		{2CC41D45-062E-44EB-956C-5B7D326E1D2E}.Release|ARM.ActiveCfg = Release|x86
		{2CC41D45-062E-44EB-956C-5B7D326E1D2E}.Release|Mixed Platforms.ActiveCfg = Release|x86
		{2CC41D45-062E-44EB-956C-5B7D326E1D2E}.Release|Mixed Platforms.Build.0 = Release|x86
		{2CC41D45-062E-44EB-956C-5B7D326E1D2E}.Release|Windows Phone.ActiveCfg = Release|x86
		{2CC41D45-062E-44EB-956C-5B7D326E1D2E}.Release|x64.ActiveCfg = Release|x86
		{2CC41D45-062E-44EB-956C-5B7D326E1D2E}.Release|x86.ActiveCfg = Release|x86
		{2CC41D45-062E-44EB-956C-5B7D326E1D2E}.Release|x86.Build.0 = Release|x86
	EndGlobalSection
	GlobalSection(SolutionProperties) = preSolution
		HideSolutionNode = FALSE
	EndGlobalSection
EndGlobal
